// !$*UTF8*$!
{
	archiveVersion = 1;
	classes = {
	};
	objectVersion = 46;
	objects = {

/* Begin PBXBuildFile section */
		C8044C8E1C71E13100D160C2 /* AppDelegate.swift in Sources */ = {isa = PBXBuildFile; fileRef = C8044C8D1C71E13100D160C2 /* AppDelegate.swift */; };
		C8044C901C71E13100D160C2 /* ViewController.swift in Sources */ = {isa = PBXBuildFile; fileRef = C8044C8F1C71E13100D160C2 /* ViewController.swift */; };
		C8044C931C71E13100D160C2 /* Main.storyboard in Resources */ = {isa = PBXBuildFile; fileRef = C8044C911C71E13100D160C2 /* Main.storyboard */; };
		C8044C951C71E13100D160C2 /* Assets.xcassets in Resources */ = {isa = PBXBuildFile; fileRef = C8044C941C71E13100D160C2 /* Assets.xcassets */; };
		C8044C981C71E13100D160C2 /* LaunchScreen.storyboard in Resources */ = {isa = PBXBuildFile; fileRef = C8044C961C71E13100D160C2 /* LaunchScreen.storyboard */; };
		C8044CA31C71E13100D160C2 /* PhoneCallTests.swift in Sources */ = {isa = PBXBuildFile; fileRef = C8044CA21C71E13100D160C2 /* PhoneCallTests.swift */; };
		C8044CAE1C71E13100D160C2 /* PhoneCallUITests.swift in Sources */ = {isa = PBXBuildFile; fileRef = C8044CAD1C71E13100D160C2 /* PhoneCallUITests.swift */; };
/* End PBXBuildFile section */

/* Begin PBXContainerItemProxy section */
		C8044C9F1C71E13100D160C2 /* PBXContainerItemProxy */ = {
			isa = PBXContainerItemProxy;
			containerPortal = C8044C821C71E13100D160C2 /* Project object */;
			proxyType = 1;
			remoteGlobalIDString = C8044C891C71E13100D160C2;
			remoteInfo = PhoneCall;
		};
		C8044CAA1C71E13100D160C2 /* PBXContainerItemProxy */ = {
			isa = PBXContainerItemProxy;
			containerPortal = C8044C821C71E13100D160C2 /* Project object */;
			proxyType = 1;
			remoteGlobalIDString = C8044C891C71E13100D160C2;
			remoteInfo = PhoneCall;
		};
/* End PBXContainerItemProxy section */

/* Begin PBXFileReference section */
		C8044C8A1C71E13100D160C2 /* PhoneCall.app */ = {isa = PBXFileReference; explicitFileType = wrapper.application; includeInIndex = 0; path = PhoneCall.app; sourceTree = BUILT_PRODUCTS_DIR; };
		C8044C8D1C71E13100D160C2 /* AppDelegate.swift */ = {isa = PBXFileReference; lastKnownFileType = sourcecode.swift; path = AppDelegate.swift; sourceTree = "<group>"; };
		C8044C8F1C71E13100D160C2 /* ViewController.swift */ = {isa = PBXFileReference; lastKnownFileType = sourcecode.swift; path = ViewController.swift; sourceTree = "<group>"; };
		C8044C921C71E13100D160C2 /* Base */ = {isa = PBXFileReference; lastKnownFileType = file.storyboard; name = Base; path = Base.lproj/Main.storyboard; sourceTree = "<group>"; };
		C8044C941C71E13100D160C2 /* Assets.xcassets */ = {isa = PBXFileReference; lastKnownFileType = folder.assetcatalog; path = Assets.xcassets; sourceTree = "<group>"; };
		C8044C971C71E13100D160C2 /* Base */ = {isa = PBXFileReference; lastKnownFileType = file.storyboard; name = Base; path = Base.lproj/LaunchScreen.storyboard; sourceTree = "<group>"; };
		C8044C991C71E13100D160C2 /* Info.plist */ = {isa = PBXFileReference; lastKnownFileType = text.plist.xml; path = Info.plist; sourceTree = "<group>"; };
		C8044C9E1C71E13100D160C2 /* PhoneCallTests.xctest */ = {isa = PBXFileReference; explicitFileType = wrapper.cfbundle; includeInIndex = 0; path = PhoneCallTests.xctest; sourceTree = BUILT_PRODUCTS_DIR; };
		C8044CA21C71E13100D160C2 /* PhoneCallTests.swift */ = {isa = PBXFileReference; lastKnownFileType = sourcecode.swift; path = PhoneCallTests.swift; sourceTree = "<group>"; };
		C8044CA41C71E13100D160C2 /* Info.plist */ = {isa = PBXFileReference; lastKnownFileType = text.plist.xml; path = Info.plist; sourceTree = "<group>"; };
		C8044CA91C71E13100D160C2 /* PhoneCallUITests.xctest */ = {isa = PBXFileReference; explicitFileType = wrapper.cfbundle; includeInIndex = 0; path = PhoneCallUITests.xctest; sourceTree = BUILT_PRODUCTS_DIR; };
		C8044CAD1C71E13100D160C2 /* PhoneCallUITests.swift */ = {isa = PBXFileReference; lastKnownFileType = sourcecode.swift; path = PhoneCallUITests.swift; sourceTree = "<group>"; };
		C8044CAF1C71E13100D160C2 /* Info.plist */ = {isa = PBXFileReference; lastKnownFileType = text.plist.xml; path = Info.plist; sourceTree = "<group>"; };
/* End PBXFileReference section */

/* Begin PBXFrameworksBuildPhase section */
		C8044C871C71E13100D160C2 /* Frameworks */ = {
			isa = PBXFrameworksBuildPhase;
			buildActionMask = 2147483647;
			files = (
			);
			runOnlyForDeploymentPostprocessing = 0;
		};
		C8044C9B1C71E13100D160C2 /* Frameworks */ = {
			isa = PBXFrameworksBuildPhase;
			buildActionMask = 2147483647;
			files = (
			);
			runOnlyForDeploymentPostprocessing = 0;
		};
		C8044CA61C71E13100D160C2 /* Frameworks */ = {
			isa = PBXFrameworksBuildPhase;
			buildActionMask = 2147483647;
			files = (
			);
			runOnlyForDeploymentPostprocessing = 0;
		};
/* End PBXFrameworksBuildPhase section */

/* Begin PBXGroup section */
		C8044C811C71E13100D160C2 = {
			isa = PBXGroup;
			children = (
				C8044C8C1C71E13100D160C2 /* PhoneCall */,
				C8044CA11C71E13100D160C2 /* PhoneCallTests */,
				C8044CAC1C71E13100D160C2 /* PhoneCallUITests */,
				C8044C8B1C71E13100D160C2 /* Products */,
			);
			sourceTree = "<group>";
		};
		C8044C8B1C71E13100D160C2 /* Products */ = {
			isa = PBXGroup;
			children = (
				C8044C8A1C71E13100D160C2 /* PhoneCall.app */,
				C8044C9E1C71E13100D160C2 /* PhoneCallTests.xctest */,
				C8044CA91C71E13100D160C2 /* PhoneCallUITests.xctest */,
			);
			name = Products;
			sourceTree = "<group>";
		};
		C8044C8C1C71E13100D160C2 /* PhoneCall */ = {
			isa = PBXGroup;
			children = (
				C8044C8D1C71E13100D160C2 /* AppDelegate.swift */,
				C8044C8F1C71E13100D160C2 /* ViewController.swift */,
				C8044C911C71E13100D160C2 /* Main.storyboard */,
				C8044C941C71E13100D160C2 /* Assets.xcassets */,
				C8044C961C71E13100D160C2 /* LaunchScreen.storyboard */,
				C8044C991C71E13100D160C2 /* Info.plist */,
			);
			path = PhoneCall;
			sourceTree = "<group>";
		};
		C8044CA11C71E13100D160C2 /* PhoneCallTests */ = {
			isa = PBXGroup;
			children = (
				C8044CA21C71E13100D160C2 /* PhoneCallTests.swift */,
				C8044CA41C71E13100D160C2 /* Info.plist */,
			);
			path = PhoneCallTests;
			sourceTree = "<group>";
		};
		C8044CAC1C71E13100D160C2 /* PhoneCallUITests */ = {
			isa = PBXGroup;
			children = (
				C8044CAD1C71E13100D160C2 /* PhoneCallUITests.swift */,
				C8044CAF1C71E13100D160C2 /* Info.plist */,
			);
			path = PhoneCallUITests;
			sourceTree = "<group>";
		};
/* End PBXGroup section */

/* Begin PBXNativeTarget section */
		C8044C891C71E13100D160C2 /* PhoneCall */ = {
			isa = PBXNativeTarget;
			buildConfigurationList = C8044CB21C71E13100D160C2 /* Build configuration list for PBXNativeTarget "PhoneCall" */;
			buildPhases = (
				C8044C861C71E13100D160C2 /* Sources */,
				C8044C871C71E13100D160C2 /* Frameworks */,
				C8044C881C71E13100D160C2 /* Resources */,
			);
			buildRules = (
			);
			dependencies = (
			);
			name = PhoneCall;
			productName = PhoneCall;
			productReference = C8044C8A1C71E13100D160C2 /* PhoneCall.app */;
			productType = "com.apple.product-type.application";
		};
		C8044C9D1C71E13100D160C2 /* PhoneCallTests */ = {
			isa = PBXNativeTarget;
			buildConfigurationList = C8044CB51C71E13100D160C2 /* Build configuration list for PBXNativeTarget "PhoneCallTests" */;
			buildPhases = (
				C8044C9A1C71E13100D160C2 /* Sources */,
				C8044C9B1C71E13100D160C2 /* Frameworks */,
				C8044C9C1C71E13100D160C2 /* Resources */,
			);
			buildRules = (
			);
			dependencies = (
				C8044CA01C71E13100D160C2 /* PBXTargetDependency */,
			);
			name = PhoneCallTests;
			productName = PhoneCallTests;
			productReference = C8044C9E1C71E13100D160C2 /* PhoneCallTests.xctest */;
			productType = "com.apple.product-type.bundle.unit-test";
		};
		C8044CA81C71E13100D160C2 /* PhoneCallUITests */ = {
			isa = PBXNativeTarget;
			buildConfigurationList = C8044CB81C71E13100D160C2 /* Build configuration list for PBXNativeTarget "PhoneCallUITests" */;
			buildPhases = (
				C8044CA51C71E13100D160C2 /* Sources */,
				C8044CA61C71E13100D160C2 /* Frameworks */,
				C8044CA71C71E13100D160C2 /* Resources */,
			);
			buildRules = (
			);
			dependencies = (
				C8044CAB1C71E13100D160C2 /* PBXTargetDependency */,
			);
			name = PhoneCallUITests;
			productName = PhoneCallUITests;
			productReference = C8044CA91C71E13100D160C2 /* PhoneCallUITests.xctest */;
			productType = "com.apple.product-type.bundle.ui-testing";
		};
/* End PBXNativeTarget section */

/* Begin PBXProject section */
		C8044C821C71E13100D160C2 /* Project object */ = {
			isa = PBXProject;
			attributes = {
				LastSwiftUpdateCheck = 0720;
				LastUpgradeCheck = 0720;
				ORGANIZATIONNAME = "Lotte Ravn";
				TargetAttributes = {
					C8044C891C71E13100D160C2 = {
						CreatedOnToolsVersion = 7.2.1;
					};
					C8044C9D1C71E13100D160C2 = {
						CreatedOnToolsVersion = 7.2.1;
						TestTargetID = C8044C891C71E13100D160C2;
					};
					C8044CA81C71E13100D160C2 = {
						CreatedOnToolsVersion = 7.2.1;
						TestTargetID = C8044C891C71E13100D160C2;
					};
				};
			};
			buildConfigurationList = C8044C851C71E13100D160C2 /* Build configuration list for PBXProject "PhoneCall" */;
			compatibilityVersion = "Xcode 3.2";
			developmentRegion = English;
			hasScannedForEncodings = 0;
			knownRegions = (
				en,
				Base,
			);
			mainGroup = C8044C811C71E13100D160C2;
			productRefGroup = C8044C8B1C71E13100D160C2 /* Products */;
			projectDirPath = "";
			projectRoot = "";
			targets = (
				C8044C891C71E13100D160C2 /* PhoneCall */,
				C8044C9D1C71E13100D160C2 /* PhoneCallTests */,
				C8044CA81C71E13100D160C2 /* PhoneCallUITests */,
			);
		};
/* End PBXProject section */

/* Begin PBXResourcesBuildPhase section */
		C8044C881C71E13100D160C2 /* Resources */ = {
			isa = PBXResourcesBuildPhase;
			buildActionMask = 2147483647;
			files = (
				C8044C981C71E13100D160C2 /* LaunchScreen.storyboard in Resources */,
				C8044C951C71E13100D160C2 /* Assets.xcassets in Resources */,
				C8044C931C71E13100D160C2 /* Main.storyboard in Resources */,
			);
			runOnlyForDeploymentPostprocessing = 0;
		};
		C8044C9C1C71E13100D160C2 /* Resources */ = {
			isa = PBXResourcesBuildPhase;
			buildActionMask = 2147483647;
			files = (
			);
			runOnlyForDeploymentPostprocessing = 0;
		};
		C8044CA71C71E13100D160C2 /* Resources */ = {
			isa = PBXResourcesBuildPhase;
			buildActionMask = 2147483647;
			files = (
			);
			runOnlyForDeploymentPostprocessing = 0;
		};
/* End PBXResourcesBuildPhase section */

/* Begin PBXSourcesBuildPhase section */
		C8044C861C71E13100D160C2 /* Sources */ = {
			isa = PBXSourcesBuildPhase;
			buildActionMask = 2147483647;
			files = (
				C8044C901C71E13100D160C2 /* ViewController.swift in Sources */,
				C8044C8E1C71E13100D160C2 /* AppDelegate.swift in Sources */,
			);
			runOnlyForDeploymentPostprocessing = 0;
		};
		C8044C9A1C71E13100D160C2 /* Sources */ = {
			isa = PBXSourcesBuildPhase;
			buildActionMask = 2147483647;
			files = (
				C8044CA31C71E13100D160C2 /* PhoneCallTests.swift in Sources */,
			);
			runOnlyForDeploymentPostprocessing = 0;
		};
		C8044CA51C71E13100D160C2 /* Sources */ = {
			isa = PBXSourcesBuildPhase;
			buildActionMask = 2147483647;
			files = (
				C8044CAE1C71E13100D160C2 /* PhoneCallUITests.swift in Sources */,
			);
			runOnlyForDeploymentPostprocessing = 0;
		};
/* End PBXSourcesBuildPhase section */

/* Begin PBXTargetDependency section */
		C8044CA01C71E13100D160C2 /* PBXTargetDependency */ = {
			isa = PBXTargetDependency;
			target = C8044C891C71E13100D160C2 /* PhoneCall */;
			targetProxy = C8044C9F1C71E13100D160C2 /* PBXContainerItemProxy */;
		};
		C8044CAB1C71E13100D160C2 /* PBXTargetDependency */ = {
			isa = PBXTargetDependency;
			target = C8044C891C71E13100D160C2 /* PhoneCall */;
			targetProxy = C8044CAA1C71E13100D160C2 /* PBXContainerItemProxy */;
		};
/* End PBXTargetDependency section */

/* Begin PBXVariantGroup section */
		C8044C911C71E13100D160C2 /* Main.storyboard */ = {
			isa = PBXVariantGroup;
			children = (
				C8044C921C71E13100D160C2 /* Base */,
			);
			name = Main.storyboard;
			sourceTree = "<group>";
		};
		C8044C961C71E13100D160C2 /* LaunchScreen.storyboard */ = {
			isa = PBXVariantGroup;
			children = (
				C8044C971C71E13100D160C2 /* Base */,
			);
			name = LaunchScreen.storyboard;
			sourceTree = "<group>";
		};
/* End PBXVariantGroup section */

/* Begin XCBuildConfiguration section */
		C8044CB01C71E13100D160C2 /* Debug */ = {
			isa = XCBuildConfiguration;
			buildSettings = {
				ALWAYS_SEARCH_USER_PATHS = NO;
				CLANG_CXX_LANGUAGE_STANDARD = "gnu++0x";
				CLANG_CXX_LIBRARY = "libc++";
				CLANG_ENABLE_MODULES = YES;
				CLANG_ENABLE_OBJC_ARC = YES;
				CLANG_WARN_BOOL_CONVERSION = YES;
				CLANG_WARN_CONSTANT_CONVERSION = YES;
				CLANG_WARN_DIRECT_OBJC_ISA_USAGE = YES_ERROR;
				CLANG_WARN_EMPTY_BODY = YES;
				CLANG_WARN_ENUM_CONVERSION = YES;
				CLANG_WARN_INT_CONVERSION = YES;
				CLANG_WARN_OBJC_ROOT_CLASS = YES_ERROR;
				CLANG_WARN_UNREACHABLE_CODE = YES;
				CLANG_WARN__DUPLICATE_METHOD_MATCH = YES;
				"CODE_SIGN_IDENTITY[sdk=iphoneos*]" = "iPhone Developer";
				COPY_PHASE_STRIP = NO;
				DEBUG_INFORMATION_FORMAT = dwarf;
				ENABLE_STRICT_OBJC_MSGSEND = YES;
				ENABLE_TESTABILITY = YES;
				GCC_C_LANGUAGE_STANDARD = gnu99;
				GCC_DYNAMIC_NO_PIC = NO;
				GCC_NO_COMMON_BLOCKS = YES;
				GCC_OPTIMIZATION_LEVEL = 0;
				GCC_PREPROCESSOR_DEFINITIONS = (
					"DEBUG=1",
					"$(inherited)",
				);
				GCC_WARN_64_TO_32_BIT_CONVERSION = YES;
				GCC_WARN_ABOUT_RETURN_TYPE = YES_ERROR;
				GCC_WARN_UNDECLARED_SELECTOR = YES;
				GCC_WARN_UNINITIALIZED_AUTOS = YES_AGGRESSIVE;
				GCC_WARN_UNUSED_FUNCTION = YES;
				GCC_WARN_UNUSED_VARIABLE = YES;
				IPHONEOS_DEPLOYMENT_TARGET = 9.2;
				MTL_ENABLE_DEBUG_INFO = YES;
				ONLY_ACTIVE_ARCH = YES;
				SDKROOT = iphoneos;
				SWIFT_OPTIMIZATION_LEVEL = "-Onone";
			};
			name = Debug;
		};
		C8044CB11C71E13100D160C2 /* Release */ = {
			isa = XCBuildConfiguration;
			buildSettings = {
				ALWAYS_SEARCH_USER_PATHS = NO;
				CLANG_CXX_LANGUAGE_STANDARD = "gnu++0x";
				CLANG_CXX_LIBRARY = "libc++";
				CLANG_ENABLE_MODULES = YES;
				CLANG_ENABLE_OBJC_ARC = YES;
				CLANG_WARN_BOOL_CONVERSION = YES;
				CLANG_WARN_CONSTANT_CONVERSION = YES;
				CLANG_WARN_DIRECT_OBJC_ISA_USAGE = YES_ERROR;
				CLANG_WARN_EMPTY_BODY = YES;
				CLANG_WARN_ENUM_CONVERSION = YES;
				CLANG_WARN_INT_CONVERSION = YES;
				CLANG_WARN_OBJC_ROOT_CLASS = YES_ERROR;
				CLANG_WARN_UNREACHABLE_CODE = YES;
				CLANG_WARN__DUPLICATE_METHOD_MATCH = YES;
				"CODE_SIGN_IDENTITY[sdk=iphoneos*]" = "iPhone Developer";
				COPY_PHASE_STRIP = NO;
				DEBUG_INFORMATION_FORMAT = "dwarf-with-dsym";
				ENABLE_NS_ASSERTIONS = NO;
				ENABLE_STRICT_OBJC_MSGSEND = YES;
				GCC_C_LANGUAGE_STANDARD = gnu99;
				GCC_NO_COMMON_BLOCKS = YES;
				GCC_WARN_64_TO_32_BIT_CONVERSION = YES;
				GCC_WARN_ABOUT_RETURN_TYPE = YES_ERROR;
				GCC_WARN_UNDECLARED_SELECTOR = YES;
				GCC_WARN_UNINITIALIZED_AUTOS = YES_AGGRESSIVE;
				GCC_WARN_UNUSED_FUNCTION = YES;
				GCC_WARN_UNUSED_VARIABLE = YES;
				IPHONEOS_DEPLOYMENT_TARGET = 9.2;
				MTL_ENABLE_DEBUG_INFO = NO;
				SDKROOT = iphoneos;
				VALIDATE_PRODUCT = YES;
			};
			name = Release;
		};
		C8044CB31C71E13100D160C2 /* Debug */ = {
			isa = XCBuildConfiguration;
			buildSettings = {
				ASSETCATALOG_COMPILER_APPICON_NAME = AppIcon;
				INFOPLIST_FILE = PhoneCall/Info.plist;
				LD_RUNPATH_SEARCH_PATHS = "$(inherited) @executable_path/Frameworks";
				PRODUCT_BUNDLE_IDENTIFIER = dk.lotteravn.PhoneCall;
				PRODUCT_NAME = "$(TARGET_NAME)";
			};
			name = Debug;
		};
		C8044CB41C71E13100D160C2 /* Release */ = {
			isa = XCBuildConfiguration;
			buildSettings = {
				ASSETCATALOG_COMPILER_APPICON_NAME = AppIcon;
				INFOPLIST_FILE = PhoneCall/Info.plist;
				LD_RUNPATH_SEARCH_PATHS = "$(inherited) @executable_path/Frameworks";
				PRODUCT_BUNDLE_IDENTIFIER = dk.lotteravn.PhoneCall;
				PRODUCT_NAME = "$(TARGET_NAME)";
			};
			name = Release;
		};
		C8044CB61C71E13100D160C2 /* Debug */ = {
			isa = XCBuildConfiguration;
			buildSettings = {
				BUNDLE_LOADER = "$(TEST_HOST)";
				INFOPLIST_FILE = PhoneCallTests/Info.plist;
				LD_RUNPATH_SEARCH_PATHS = "$(inherited) @executable_path/Frameworks @loader_path/Frameworks";
				PRODUCT_BUNDLE_IDENTIFIER = dk.lotteravn.PhoneCallTests;
				PRODUCT_NAME = "$(TARGET_NAME)";
				TEST_HOST = "$(BUILT_PRODUCTS_DIR)/PhoneCall.app/PhoneCall";
			};
			name = Debug;
		};
		C8044CB71C71E13100D160C2 /* Release */ = {
			isa = XCBuildConfiguration;
			buildSettings = {
				BUNDLE_LOADER = "$(TEST_HOST)";
				INFOPLIST_FILE = PhoneCallTests/Info.plist;
				LD_RUNPATH_SEARCH_PATHS = "$(inherited) @executable_path/Frameworks @loader_path/Frameworks";
				PRODUCT_BUNDLE_IDENTIFIER = dk.lotteravn.PhoneCallTests;
				PRODUCT_NAME = "$(TARGET_NAME)";
				TEST_HOST = "$(BUILT_PRODUCTS_DIR)/PhoneCall.app/PhoneCall";
			};
			name = Release;
		};
		C8044CB91C71E13100D160C2 /* Debug */ = {
			isa = XCBuildConfiguration;
			buildSettings = {
				INFOPLIST_FILE = PhoneCallUITests/Info.plist;
				LD_RUNPATH_SEARCH_PATHS = "$(inherited) @executable_path/Frameworks @loader_path/Frameworks";
				PRODUCT_BUNDLE_IDENTIFIER = dk.lotteravn.PhoneCallUITests;
				PRODUCT_NAME = "$(TARGET_NAME)";
				TEST_TARGET_NAME = PhoneCall;
				USES_XCTRUNNER = YES;
			};
			name = Debug;
		};
		C8044CBA1C71E13100D160C2 /* Release */ = {
			isa = XCBuildConfiguration;
			buildSettings = {
				INFOPLIST_FILE = PhoneCallUITests/Info.plist;
				LD_RUNPATH_SEARCH_PATHS = "$(inherited) @executable_path/Frameworks @loader_path/Frameworks";
				PRODUCT_BUNDLE_IDENTIFIER = dk.lotteravn.PhoneCallUITests;
				PRODUCT_NAME = "$(TARGET_NAME)";
				TEST_TARGET_NAME = PhoneCall;
				USES_XCTRUNNER = YES;
			};
			name = Release;
		};
/* End XCBuildConfiguration section */

/* Begin XCConfigurationList section */
		C8044C851C71E13100D160C2 /* Build configuration list for PBXProject "PhoneCall" */ = {
			isa = XCConfigurationList;
			buildConfigurations = (
				C8044CB01C71E13100D160C2 /* Debug */,
				C8044CB11C71E13100D160C2 /* Release */,
			);
			defaultConfigurationIsVisible = 0;
			defaultConfigurationName = Release;
		};
		C8044CB21C71E13100D160C2 /* Build configuration list for PBXNativeTarget "PhoneCall" */ = {
			isa = XCConfigurationList;
			buildConfigurations = (
				C8044CB31C71E13100D160C2 /* Debug */,
				C8044CB41C71E13100D160C2 /* Release */,
			);
			defaultConfigurationIsVisible = 0;
		};
		C8044CB51C71E13100D160C2 /* Build configuration list for PBXNativeTarget "PhoneCallTests" */ = {
			isa = XCConfigurationList;
			buildConfigurations = (
				C8044CB61C71E13100D160C2 /* Debug */,
				C8044CB71C71E13100D160C2 /* Release */,
			);
			defaultConfigurationIsVisible = 0;
		};
		C8044CB81C71E13100D160C2 /* Build configuration list for PBXNativeTarget "PhoneCallUITests" */ = {
			isa = XCConfigurationList;
			buildConfigurations = (
				C8044CB91C71E13100D160C2 /* Debug */,
				C8044CBA1C71E13100D160C2 /* Release */,
			);
			defaultConfigurationIsVisible = 0;
		};
/* End XCConfigurationList section */
	};
	rootObject = C8044C821C71E13100D160C2 /* Project object */;
}
